
Microsoft Visual Studio Solution File, Format Version 12.00
# Visual Studio Version 16
VisualStudioVersion = 16.0.30523.141
MinimumVisualStudioVersion = 10.0.40219.1
Project("{9A19103F-16F7-4668-BE54-9A1E7A4F7556}") = "Q1", "Q1\Q1.csproj", "{19307018-8533-48DB-BD46-3BE4D88754E8}"
EndProject
Project("{9A19103F-16F7-4668-BE54-9A1E7A4F7556}") = "Q2", "Q2\Q2.csproj", "{A42F7A47-4CC9-4066-93B7-1ACB9FFF371C}"
EndProject
Global
	GlobalSection(SolutionConfigurationPlatforms) = preSolution
		Debug|Any CPU = Debug|Any CPU
		Release|Any CPU = Release|Any CPU
	EndGlobalSection
	GlobalSection(ProjectConfigurationPlatforms) = postSolution
		{19307018-8533-48DB-BD46-3BE4D88754E8}.Debug|Any CPU.ActiveCfg = Debug|Any CPU
		{19307018-8533-48DB-BD46-3BE4D88754E8}.Debug|Any CPU.Build.0 = Debug|Any CPU
		{19307018-8533-48DB-BD46-3BE4D88754E8}.Release|Any CPU.ActiveCfg = Release|Any CPU
		{19307018-8533-48DB-BD46-3BE4D88754E8}.Release|Any CPU.Build.0 = Release|Any CPU
		{A42F7A47-4CC9-4066-93B7-1ACB9FFF371C}.Debug|Any CPU.ActiveCfg = Debug|Any CPU
		{A42F7A47-4CC9-4066-93B7-1ACB9FFF371C}.Debug|Any CPU.Build.0 = Debug|Any CPU
		{A42F7A47-4CC9-4066-93B7-1ACB9FFF371C}.Release|Any CPU.ActiveCfg = Release|Any CPU
		{A42F7A47-4CC9-4066-93B7-1ACB9FFF371C}.Release|Any CPU.Build.0 = Release|Any CPU
	EndGlobalSection
	GlobalSection(SolutionProperties) = preSolution
		HideSolutionNode = FALSE
	EndGlobalSection
	GlobalSection(ExtensibilityGlobals) = postSolution
		SolutionGuid = {49EBCB44-66C4-46B7-AC1A-4EC13F5C43E1}
	EndGlobalSection
EndGlobal
